
Microsoft Visual Studio Solution File, Format Version 12.00
# Visual Studio Version 16
VisualStudioVersion = 16.0.29613.14
MinimumVisualStudioVersion = 10.0.40219.1
Project("{9A19103F-16F7-4668-BE54-9A1E7A4F7556}") = "Recipes", "Recipes\Recipes.csproj", "{B33F501B-7600-4537-90D7-BF1F839902DF}"
EndProject
Project("{9A19103F-16F7-4668-BE54-9A1E7A4F7556}") = "Paths", "Paths\Paths.csproj", "{B5FC1BFA-F44F-4151-BEFC-FB9C0C4E7678}"
EndProject
Project("{9A19103F-16F7-4668-BE54-9A1E7A4F7556}") = "Simple", "Simple\Simple.csproj", "{7C64D99D-448A-48E1-B6E6-6123B7BE1869}"
EndProject
Project("{9A19103F-16F7-4668-BE54-9A1E7A4F7556}") = "TenantForwarding", "TenantForwarding\TenantForwarding.csproj", "{0373DF36-1039-44F9-BD87-90EEFE32BC55}"
EndProject
Project("{9A19103F-16F7-4668-BE54-9A1E7A4F7556}") = "SignalRSimpleChat", "SignalRSimpleChat\SignalRSimpleChat.csproj", "{54E0F605-8ED0-4C77-93EE-AF30219921E6}"
EndProject
Global
	GlobalSection(SolutionConfigurationPlatforms) = preSolution
		Debug|Any CPU = Debug|Any CPU
		Release|Any CPU = Release|Any CPU
	EndGlobalSection
	GlobalSection(ProjectConfigurationPlatforms) = postSolution
		{B33F501B-7600-4537-90D7-BF1F839902DF}.Debug|Any CPU.ActiveCfg = Debug|Any CPU
		{B33F501B-7600-4537-90D7-BF1F839902DF}.Debug|Any CPU.Build.0 = Debug|Any CPU
		{B33F501B-7600-4537-90D7-BF1F839902DF}.Release|Any CPU.ActiveCfg = Release|Any CPU
		{B33F501B-7600-4537-90D7-BF1F839902DF}.Release|Any CPU.Build.0 = Release|Any CPU
		{B5FC1BFA-F44F-4151-BEFC-FB9C0C4E7678}.Debug|Any CPU.ActiveCfg = Debug|Any CPU
		{B5FC1BFA-F44F-4151-BEFC-FB9C0C4E7678}.Debug|Any CPU.Build.0 = Debug|Any CPU
		{B5FC1BFA-F44F-4151-BEFC-FB9C0C4E7678}.Release|Any CPU.ActiveCfg = Release|Any CPU
		{B5FC1BFA-F44F-4151-BEFC-FB9C0C4E7678}.Release|Any CPU.Build.0 = Release|Any CPU
		{7C64D99D-448A-48E1-B6E6-6123B7BE1869}.Debug|Any CPU.ActiveCfg = Debug|Any CPU
		{7C64D99D-448A-48E1-B6E6-6123B7BE1869}.Debug|Any CPU.Build.0 = Debug|Any CPU
		{7C64D99D-448A-48E1-B6E6-6123B7BE1869}.Release|Any CPU.ActiveCfg = Release|Any CPU
		{7C64D99D-448A-48E1-B6E6-6123B7BE1869}.Release|Any CPU.Build.0 = Release|Any CPU
		{0373DF36-1039-44F9-BD87-90EEFE32BC55}.Debug|Any CPU.ActiveCfg = Debug|Any CPU
		{0373DF36-1039-44F9-BD87-90EEFE32BC55}.Debug|Any CPU.Build.0 = Debug|Any CPU
		{0373DF36-1039-44F9-BD87-90EEFE32BC55}.Release|Any CPU.ActiveCfg = Release|Any CPU
		{0373DF36-1039-44F9-BD87-90EEFE32BC55}.Release|Any CPU.Build.0 = Release|Any CPU
		{54E0F605-8ED0-4C77-93EE-AF30219921E6}.Debug|Any CPU.ActiveCfg = Debug|Any CPU
		{54E0F605-8ED0-4C77-93EE-AF30219921E6}.Debug|Any CPU.Build.0 = Debug|Any CPU
		{54E0F605-8ED0-4C77-93EE-AF30219921E6}.Release|Any CPU.ActiveCfg = Release|Any CPU
		{54E0F605-8ED0-4C77-93EE-AF30219921E6}.Release|Any CPU.Build.0 = Release|Any CPU
	EndGlobalSection
	GlobalSection(SolutionProperties) = preSolution
		HideSolutionNode = FALSE
	EndGlobalSection
	GlobalSection(ExtensibilityGlobals) = postSolution
		SolutionGuid = {5CDD6085-3334-4672-825B-B36BE270CA7A}
	EndGlobalSection
EndGlobal
